// !$*UTF8*$!
{
	archiveVersion = 1;
	classes = {
	};
	objectVersion = 50;
	objects = {

/* Begin PBXBuildFile section */
		2C16B1F12429592C00EDFB23 /* AppDelegate.swift in Sources */ = {isa = PBXBuildFile; fileRef = 2C16B1F02429592C00EDFB23 /* AppDelegate.swift */; };
		2C16B1F32429592C00EDFB23 /* SceneDelegate.swift in Sources */ = {isa = PBXBuildFile; fileRef = 2C16B1F22429592C00EDFB23 /* SceneDelegate.swift */; };
		2C16B1F52429592C00EDFB23 /* ViewController.swift in Sources */ = {isa = PBXBuildFile; fileRef = 2C16B1F42429592C00EDFB23 /* ViewController.swift */; };
		2C16B1F82429592C00EDFB23 /* Main.storyboard in Resources */ = {isa = PBXBuildFile; fileRef = 2C16B1F62429592C00EDFB23 /* Main.storyboard */; };
		2C16B1FA2429592F00EDFB23 /* Assets.xcassets in Resources */ = {isa = PBXBuildFile; fileRef = 2C16B1F92429592F00EDFB23 /* Assets.xcassets */; };
		2C16B1FD2429592F00EDFB23 /* LaunchScreen.storyboard in Resources */ = {isa = PBXBuildFile; fileRef = 2C16B1FB2429592F00EDFB23 /* LaunchScreen.storyboard */; };
		2C16B2082429592F00EDFB23 /* PremoTests.swift in Sources */ = {isa = PBXBuildFile; fileRef = 2C16B2072429592F00EDFB23 /* PremoTests.swift */; };
		2CC1630E2432B66B00E9897A /* Common.framework in Frameworks */ = {isa = PBXBuildFile; fileRef = 2CC1630A2432B5DC00E9897A /* Common.framework */; };
		2CC1630F2432B66B00E9897A /* Common.framework in Embed Frameworks */ = {isa = PBXBuildFile; fileRef = 2CC1630A2432B5DC00E9897A /* Common.framework */; settings = {ATTRIBUTES = (CodeSignOnCopy, RemoveHeadersOnCopy, ); }; };
/* End PBXBuildFile section */

/* Begin PBXContainerItemProxy section */
		2C16B2042429592F00EDFB23 /* PBXContainerItemProxy */ = {
			isa = PBXContainerItemProxy;
			containerPortal = 2C16B1E52429592C00EDFB23 /* Project object */;
			proxyType = 1;
			remoteGlobalIDString = 2C16B1EC2429592C00EDFB23;
			remoteInfo = Premo;
		};
/* End PBXContainerItemProxy section */

/* Begin PBXCopyFilesBuildPhase section */
		2CC163102432B66B00E9897A /* Embed Frameworks */ = {
			isa = PBXCopyFilesBuildPhase;
			buildActionMask = 2147483647;
			dstPath = "";
			dstSubfolderSpec = 10;
			files = (
				2CC1630F2432B66B00E9897A /* Common.framework in Embed Frameworks */,
			);
			name = "Embed Frameworks";
			runOnlyForDeploymentPostprocessing = 0;
		};
/* End PBXCopyFilesBuildPhase section */

/* Begin PBXFileReference section */
		2C16B1ED2429592C00EDFB23 /* Premo.app */ = {isa = PBXFileReference; explicitFileType = wrapper.application; includeInIndex = 0; path = Premo.app; sourceTree = BUILT_PRODUCTS_DIR; };
		2C16B1F02429592C00EDFB23 /* AppDelegate.swift */ = {isa = PBXFileReference; lastKnownFileType = sourcecode.swift; path = AppDelegate.swift; sourceTree = "<group>"; };
		2C16B1F22429592C00EDFB23 /* SceneDelegate.swift */ = {isa = PBXFileReference; lastKnownFileType = sourcecode.swift; path = SceneDelegate.swift; sourceTree = "<group>"; };
		2C16B1F42429592C00EDFB23 /* ViewController.swift */ = {isa = PBXFileReference; lastKnownFileType = sourcecode.swift; path = ViewController.swift; sourceTree = "<group>"; };
		2C16B1F72429592C00EDFB23 /* Base */ = {isa = PBXFileReference; lastKnownFileType = file.storyboard; name = Base; path = Base.lproj/Main.storyboard; sourceTree = "<group>"; };
		2C16B1F92429592F00EDFB23 /* Assets.xcassets */ = {isa = PBXFileReference; lastKnownFileType = folder.assetcatalog; path = Assets.xcassets; sourceTree = "<group>"; };
		2C16B1FC2429592F00EDFB23 /* Base */ = {isa = PBXFileReference; lastKnownFileType = file.storyboard; name = Base; path = Base.lproj/LaunchScreen.storyboard; sourceTree = "<group>"; };
		2C16B1FE2429592F00EDFB23 /* Info.plist */ = {isa = PBXFileReference; lastKnownFileType = text.plist.xml; path = Info.plist; sourceTree = "<group>"; };
		2C16B2032429592F00EDFB23 /* PremoTests.xctest */ = {isa = PBXFileReference; explicitFileType = wrapper.cfbundle; includeInIndex = 0; path = PremoTests.xctest; sourceTree = BUILT_PRODUCTS_DIR; };
		2C16B2072429592F00EDFB23 /* PremoTests.swift */ = {isa = PBXFileReference; lastKnownFileType = sourcecode.swift; path = PremoTests.swift; sourceTree = "<group>"; };
		2C16B2092429592F00EDFB23 /* Info.plist */ = {isa = PBXFileReference; lastKnownFileType = text.plist.xml; path = Info.plist; sourceTree = "<group>"; };
		2C16B21324295BA700EDFB23 /* shared.framework */ = {isa = PBXFileReference; lastKnownFileType = wrapper.framework; name = shared.framework; path = "../../shared/build/xcode-frameworks/shared.framework"; sourceTree = "<group>"; };
		2CC163042432A9F700E9897A /* xcode-frameworks */ = {isa = PBXFileReference; lastKnownFileType = folder; name = "xcode-frameworks"; path = "../../sample-shared/build/xcode-frameworks"; sourceTree = "<group>"; };
		2CC163052432AA4200E9897A /* shared.framework */ = {isa = PBXFileReference; lastKnownFileType = wrapper.framework; name = shared.framework; path = "../../sample-shared/build/xcode-frameworks/shared.framework"; sourceTree = "<group>"; };
		2CC163092432B5C500E9897A /* xcode-frameworks */ = {isa = PBXFileReference; lastKnownFileType = folder; name = "xcode-frameworks"; path = "../../sample-common/build/xcode-frameworks"; sourceTree = "<group>"; };
		2CC1630A2432B5DC00E9897A /* Common.framework */ = {isa = PBXFileReference; lastKnownFileType = wrapper.framework; name = Common.framework; path = "../../sample-common/build/xcode-frameworks/Common.framework"; sourceTree = "<group>"; };
/* End PBXFileReference section */

/* Begin PBXFrameworksBuildPhase section */
		2C16B1EA2429592C00EDFB23 /* Frameworks */ = {
			isa = PBXFrameworksBuildPhase;
			buildActionMask = 2147483647;
			files = (
				2CC1630E2432B66B00E9897A /* Common.framework in Frameworks */,
			);
			runOnlyForDeploymentPostprocessing = 0;
		};
		2C16B2002429592F00EDFB23 /* Frameworks */ = {
			isa = PBXFrameworksBuildPhase;
			buildActionMask = 2147483647;
			files = (
			);
			runOnlyForDeploymentPostprocessing = 0;
		};
/* End PBXFrameworksBuildPhase section */

/* Begin PBXGroup section */
		2C16B1E42429592C00EDFB23 = {
			isa = PBXGroup;
			children = (
				2C16B1EF2429592C00EDFB23 /* Premo */,
				2C16B2062429592F00EDFB23 /* PremoTests */,
				2C16B1EE2429592C00EDFB23 /* Products */,
				2C16B21224295BA600EDFB23 /* Frameworks */,
			);
			sourceTree = "<group>";
		};
		2C16B1EE2429592C00EDFB23 /* Products */ = {
			isa = PBXGroup;
			children = (
				2C16B1ED2429592C00EDFB23 /* Premo.app */,
				2C16B2032429592F00EDFB23 /* PremoTests.xctest */,
			);
			name = Products;
			sourceTree = "<group>";
		};
		2C16B1EF2429592C00EDFB23 /* Premo */ = {
			isa = PBXGroup;
			children = (
				2C16B1F02429592C00EDFB23 /* AppDelegate.swift */,
				2C16B1F22429592C00EDFB23 /* SceneDelegate.swift */,
				2C16B1F42429592C00EDFB23 /* ViewController.swift */,
				2C16B1F62429592C00EDFB23 /* Main.storyboard */,
				2C16B1F92429592F00EDFB23 /* Assets.xcassets */,
				2C16B1FB2429592F00EDFB23 /* LaunchScreen.storyboard */,
				2C16B1FE2429592F00EDFB23 /* Info.plist */,
			);
			path = Premo;
			sourceTree = "<group>";
		};
		2C16B2062429592F00EDFB23 /* PremoTests */ = {
			isa = PBXGroup;
			children = (
				2C16B2072429592F00EDFB23 /* PremoTests.swift */,
				2C16B2092429592F00EDFB23 /* Info.plist */,
			);
			path = PremoTests;
			sourceTree = "<group>";
		};
		2C16B21224295BA600EDFB23 /* Frameworks */ = {
			isa = PBXGroup;
			children = (
				2CC1630A2432B5DC00E9897A /* Common.framework */,
				2CC163092432B5C500E9897A /* xcode-frameworks */,
				2CC163052432AA4200E9897A /* shared.framework */,
				2CC163042432A9F700E9897A /* xcode-frameworks */,
				2C16B21324295BA700EDFB23 /* shared.framework */,
			);
			name = Frameworks;
			sourceTree = "<group>";
		};
/* End PBXGroup section */

/* Begin PBXNativeTarget section */
		2C16B1EC2429592C00EDFB23 /* Premo */ = {
			isa = PBXNativeTarget;
			buildConfigurationList = 2C16B20C2429592F00EDFB23 /* Build configuration list for PBXNativeTarget "Premo" */;
			buildPhases = (
				2C16B21724295D8900EDFB23 /* ShellScript */,
				2C16B1E92429592C00EDFB23 /* Sources */,
				2C16B1EA2429592C00EDFB23 /* Frameworks */,
				2C16B1EB2429592C00EDFB23 /* Resources */,
				2CC163102432B66B00E9897A /* Embed Frameworks */,
			);
			buildRules = (
			);
			dependencies = (
			);
			name = Premo;
			productName = Premo;
			productReference = 2C16B1ED2429592C00EDFB23 /* Premo.app */;
			productType = "com.apple.product-type.application";
		};
		2C16B2022429592F00EDFB23 /* PremoTests */ = {
			isa = PBXNativeTarget;
			buildConfigurationList = 2C16B20F2429592F00EDFB23 /* Build configuration list for PBXNativeTarget "PremoTests" */;
			buildPhases = (
				2C16B1FF2429592F00EDFB23 /* Sources */,
				2C16B2002429592F00EDFB23 /* Frameworks */,
				2C16B2012429592F00EDFB23 /* Resources */,
			);
			buildRules = (
			);
			dependencies = (
				2C16B2052429592F00EDFB23 /* PBXTargetDependency */,
			);
			name = PremoTests;
			productName = PremoTests;
			productReference = 2C16B2032429592F00EDFB23 /* PremoTests.xctest */;
			productType = "com.apple.product-type.bundle.unit-test";
		};
/* End PBXNativeTarget section */

/* Begin PBXProject section */
		2C16B1E52429592C00EDFB23 /* Project object */ = {
			isa = PBXProject;
			attributes = {
				LastSwiftUpdateCheck = 1130;
				LastUpgradeCheck = 1130;
				ORGANIZATIONNAME = "Dmitriy Grbunov";
				TargetAttributes = {
					2C16B1EC2429592C00EDFB23 = {
						CreatedOnToolsVersion = 11.3.1;
					};
					2C16B2022429592F00EDFB23 = {
						CreatedOnToolsVersion = 11.3.1;
						TestTargetID = 2C16B1EC2429592C00EDFB23;
					};
				};
			};
			buildConfigurationList = 2C16B1E82429592C00EDFB23 /* Build configuration list for PBXProject "Premo" */;
			compatibilityVersion = "Xcode 9.3";
			developmentRegion = en;
			hasScannedForEncodings = 0;
			knownRegions = (
				en,
				Base,
			);
			mainGroup = 2C16B1E42429592C00EDFB23;
			productRefGroup = 2C16B1EE2429592C00EDFB23 /* Products */;
			projectDirPath = "";
			projectRoot = "";
			targets = (
				2C16B1EC2429592C00EDFB23 /* Premo */,
				2C16B2022429592F00EDFB23 /* PremoTests */,
			);
		};
/* End PBXProject section */

/* Begin PBXResourcesBuildPhase section */
		2C16B1EB2429592C00EDFB23 /* Resources */ = {
			isa = PBXResourcesBuildPhase;
			buildActionMask = 2147483647;
			files = (
				2C16B1FD2429592F00EDFB23 /* LaunchScreen.storyboard in Resources */,
				2C16B1FA2429592F00EDFB23 /* Assets.xcassets in Resources */,
				2C16B1F82429592C00EDFB23 /* Main.storyboard in Resources */,
			);
			runOnlyForDeploymentPostprocessing = 0;
		};
		2C16B2012429592F00EDFB23 /* Resources */ = {
			isa = PBXResourcesBuildPhase;
			buildActionMask = 2147483647;
			files = (
			);
			runOnlyForDeploymentPostprocessing = 0;
		};
/* End PBXResourcesBuildPhase section */

/* Begin PBXShellScriptBuildPhase section */
		2C16B21724295D8900EDFB23 /* ShellScript */ = {
			isa = PBXShellScriptBuildPhase;
			buildActionMask = 2147483647;
			files = (
			);
			inputFileListPaths = (
			);
			inputPaths = (
			);
			outputFileListPaths = (
			);
			outputPaths = (
			);
			runOnlyForDeploymentPostprocessing = 0;
			shellPath = /bin/sh;
			shellScript = "cd \"$SRCROOT/../../sample-common/build/xcode-frameworks\"\n./gradlew :sample-common:packForXCode -PXCODE_CONFIGURATION=${CONFIGURATION}\n";
		};
/* End PBXShellScriptBuildPhase section */

/* Begin PBXSourcesBuildPhase section */
		2C16B1E92429592C00EDFB23 /* Sources */ = {
			isa = PBXSourcesBuildPhase;
			buildActionMask = 2147483647;
			files = (
				2C16B1F52429592C00EDFB23 /* ViewController.swift in Sources */,
				2C16B1F12429592C00EDFB23 /* AppDelegate.swift in Sources */,
				2C16B1F32429592C00EDFB23 /* SceneDelegate.swift in Sources */,
			);
			runOnlyForDeploymentPostprocessing = 0;
		};
		2C16B1FF2429592F00EDFB23 /* Sources */ = {
			isa = PBXSourcesBuildPhase;
			buildActionMask = 2147483647;
			files = (
				2C16B2082429592F00EDFB23 /* PremoTests.swift in Sources */,
			);
			runOnlyForDeploymentPostprocessing = 0;
		};
/* End PBXSourcesBuildPhase section */

/* Begin PBXTargetDependency section */
		2C16B2052429592F00EDFB23 /* PBXTargetDependency */ = {
			isa = PBXTargetDependency;
			target = 2C16B1EC2429592C00EDFB23 /* Premo */;
			targetProxy = 2C16B2042429592F00EDFB23 /* PBXContainerItemProxy */;
		};
/* End PBXTargetDependency section */

/* Begin PBXVariantGroup section */
		2C16B1F62429592C00EDFB23 /* Main.storyboard */ = {
			isa = PBXVariantGroup;
			children = (
				2C16B1F72429592C00EDFB23 /* Base */,
			);
			name = Main.storyboard;
			sourceTree = "<group>";
		};
		2C16B1FB2429592F00EDFB23 /* LaunchScreen.storyboard */ = {
			isa = PBXVariantGroup;
			children = (
				2C16B1FC2429592F00EDFB23 /* Base */,
			);
			name = LaunchScreen.storyboard;
			sourceTree = "<group>";
		};
/* End PBXVariantGroup section */

/* Begin XCBuildConfiguration section */
		2C16B20A2429592F00EDFB23 /* Debug */ = {
			isa = XCBuildConfiguration;
			buildSettings = {
				ALWAYS_SEARCH_USER_PATHS = NO;
				CLANG_ANALYZER_NONNULL = YES;
				CLANG_ANALYZER_NUMBER_OBJECT_CONVERSION = YES_AGGRESSIVE;
				CLANG_CXX_LANGUAGE_STANDARD = "gnu++14";
				CLANG_CXX_LIBRARY = "libc++";
				CLANG_ENABLE_MODULES = YES;
				CLANG_ENABLE_OBJC_ARC = YES;
				CLANG_ENABLE_OBJC_WEAK = YES;
				CLANG_WARN_BLOCK_CAPTURE_AUTORELEASING = YES;
				CLANG_WARN_BOOL_CONVERSION = YES;
				CLANG_WARN_COMMA = YES;
				CLANG_WARN_CONSTANT_CONVERSION = YES;
				CLANG_WARN_DEPRECATED_OBJC_IMPLEMENTATIONS = YES;
				CLANG_WARN_DIRECT_OBJC_ISA_USAGE = YES_ERROR;
				CLANG_WARN_DOCUMENTATION_COMMENTS = YES;
				CLANG_WARN_EMPTY_BODY = YES;
				CLANG_WARN_ENUM_CONVERSION = YES;
				CLANG_WARN_INFINITE_RECURSION = YES;
				CLANG_WARN_INT_CONVERSION = YES;
				CLANG_WARN_NON_LITERAL_NULL_CONVERSION = YES;
				CLANG_WARN_OBJC_IMPLICIT_RETAIN_SELF = YES;
				CLANG_WARN_OBJC_LITERAL_CONVERSION = YES;
				CLANG_WARN_OBJC_ROOT_CLASS = YES_ERROR;
				CLANG_WARN_RANGE_LOOP_ANALYSIS = YES;
				CLANG_WARN_STRICT_PROTOTYPES = YES;
				CLANG_WARN_SUSPICIOUS_MOVE = YES;
				CLANG_WARN_UNGUARDED_AVAILABILITY = YES_AGGRESSIVE;
				CLANG_WARN_UNREACHABLE_CODE = YES;
				CLANG_WARN__DUPLICATE_METHOD_MATCH = YES;
				COPY_PHASE_STRIP = NO;
				DEBUG_INFORMATION_FORMAT = dwarf;
				ENABLE_STRICT_OBJC_MSGSEND = YES;
				ENABLE_TESTABILITY = YES;
				GCC_C_LANGUAGE_STANDARD = gnu11;
				GCC_DYNAMIC_NO_PIC = NO;
				GCC_NO_COMMON_BLOCKS = YES;
				GCC_OPTIMIZATION_LEVEL = 0;
				GCC_PREPROCESSOR_DEFINITIONS = (
					"DEBUG=1",
					"$(inherited)",
				);
				GCC_WARN_64_TO_32_BIT_CONVERSION = YES;
				GCC_WARN_ABOUT_RETURN_TYPE = YES_ERROR;
				GCC_WARN_UNDECLARED_SELECTOR = YES;
				GCC_WARN_UNINITIALIZED_AUTOS = YES_AGGRESSIVE;
				GCC_WARN_UNUSED_FUNCTION = YES;
				GCC_WARN_UNUSED_VARIABLE = YES;
				IPHONEOS_DEPLOYMENT_TARGET = 13.2;
				MTL_ENABLE_DEBUG_INFO = INCLUDE_SOURCE;
				MTL_FAST_MATH = YES;
				ONLY_ACTIVE_ARCH = YES;
				SDKROOT = iphoneos;
				SWIFT_ACTIVE_COMPILATION_CONDITIONS = DEBUG;
				SWIFT_OPTIMIZATION_LEVEL = "-Onone";
			};
			name = Debug;
		};
		2C16B20B2429592F00EDFB23 /* Release */ = {
			isa = XCBuildConfiguration;
			buildSettings = {
				ALWAYS_SEARCH_USER_PATHS = NO;
				CLANG_ANALYZER_NONNULL = YES;
				CLANG_ANALYZER_NUMBER_OBJECT_CONVERSION = YES_AGGRESSIVE;
				CLANG_CXX_LANGUAGE_STANDARD = "gnu++14";
				CLANG_CXX_LIBRARY = "libc++";
				CLANG_ENABLE_MODULES = YES;
				CLANG_ENABLE_OBJC_ARC = YES;
				CLANG_ENABLE_OBJC_WEAK = YES;
				CLANG_WARN_BLOCK_CAPTURE_AUTORELEASING = YES;
				CLANG_WARN_BOOL_CONVERSION = YES;
				CLANG_WARN_COMMA = YES;
				CLANG_WARN_CONSTANT_CONVERSION = YES;
				CLANG_WARN_DEPRECATED_OBJC_IMPLEMENTATIONS = YES;
				CLANG_WARN_DIRECT_OBJC_ISA_USAGE = YES_ERROR;
				CLANG_WARN_DOCUMENTATION_COMMENTS = YES;
				CLANG_WARN_EMPTY_BODY = YES;
				CLANG_WARN_ENUM_CONVERSION = YES;
				CLANG_WARN_INFINITE_RECURSION = YES;
				CLANG_WARN_INT_CONVERSION = YES;
				CLANG_WARN_NON_LITERAL_NULL_CONVERSION = YES;
				CLANG_WARN_OBJC_IMPLICIT_RETAIN_SELF = YES;
				CLANG_WARN_OBJC_LITERAL_CONVERSION = YES;
				CLANG_WARN_OBJC_ROOT_CLASS = YES_ERROR;
				CLANG_WARN_RANGE_LOOP_ANALYSIS = YES;
				CLANG_WARN_STRICT_PROTOTYPES = YES;
				CLANG_WARN_SUSPICIOUS_MOVE = YES;
				CLANG_WARN_UNGUARDED_AVAILABILITY = YES_AGGRESSIVE;
				CLANG_WARN_UNREACHABLE_CODE = YES;
				CLANG_WARN__DUPLICATE_METHOD_MATCH = YES;
				COPY_PHASE_STRIP = NO;
				DEBUG_INFORMATION_FORMAT = "dwarf-with-dsym";
				ENABLE_NS_ASSERTIONS = NO;
				ENABLE_STRICT_OBJC_MSGSEND = YES;
				GCC_C_LANGUAGE_STANDARD = gnu11;
				GCC_NO_COMMON_BLOCKS = YES;
				GCC_WARN_64_TO_32_BIT_CONVERSION = YES;
				GCC_WARN_ABOUT_RETURN_TYPE = YES_ERROR;
				GCC_WARN_UNDECLARED_SELECTOR = YES;
				GCC_WARN_UNINITIALIZED_AUTOS = YES_AGGRESSIVE;
				GCC_WARN_UNUSED_FUNCTION = YES;
				GCC_WARN_UNUSED_VARIABLE = YES;
				IPHONEOS_DEPLOYMENT_TARGET = 13.2;
				MTL_ENABLE_DEBUG_INFO = NO;
				MTL_FAST_MATH = YES;
				SDKROOT = iphoneos;
				SWIFT_COMPILATION_MODE = wholemodule;
				SWIFT_OPTIMIZATION_LEVEL = "-O";
				VALIDATE_PRODUCT = YES;
			};
			name = Release;
		};
		2C16B20D2429592F00EDFB23 /* Debug */ = {
			isa = XCBuildConfiguration;
			buildSettings = {
				ASSETCATALOG_COMPILER_APPICON_NAME = AppIcon;
				CODE_SIGN_STYLE = Automatic;
				"FRAMEWORK_SEARCH_PATHS[arch=*]" = "$(SRCROOT)/../../sample-common/build/xcode-frameworks";
				INFOPLIST_FILE = Premo/Info.plist;
				LD_RUNPATH_SEARCH_PATHS = (
					"$(inherited)",
					"@executable_path/Frameworks",
				);
				PRODUCT_BUNDLE_IDENTIFIER = me.dmdev.premo;
				PRODUCT_NAME = "$(TARGET_NAME)";
				SWIFT_VERSION = 5.0;
				TARGETED_DEVICE_FAMILY = "1,2";
			};
			name = Debug;
		};
		2C16B20E2429592F00EDFB23 /* Release */ = {
			isa = XCBuildConfiguration;
			buildSettings = {
				ASSETCATALOG_COMPILER_APPICON_NAME = AppIcon;
				CODE_SIGN_STYLE = Automatic;
				"FRAMEWORK_SEARCH_PATHS[arch=*]" = "$(SRCROOT)/../../sample-common/build/xcode-frameworks";
				INFOPLIST_FILE = Premo/Info.plist;
				LD_RUNPATH_SEARCH_PATHS = (
					"$(inherited)",
					"@executable_path/Frameworks",
				);
				PRODUCT_BUNDLE_IDENTIFIER = me.dmdev.premo;
				PRODUCT_NAME = "$(TARGET_NAME)";
				SWIFT_VERSION = 5.0;
				TARGETED_DEVICE_FAMILY = "1,2";
			};
			name = Release;
		};
		2C16B2102429592F00EDFB23 /* Debug */ = {
			isa = XCBuildConfiguration;
			buildSettings = {
				ALWAYS_EMBED_SWIFT_STANDARD_LIBRARIES = YES;
				BUNDLE_LOADER = "$(TEST_HOST)";
				CODE_SIGN_STYLE = Automatic;
				INFOPLIST_FILE = PremoTests/Info.plist;
				IPHONEOS_DEPLOYMENT_TARGET = 13.2;
				LD_RUNPATH_SEARCH_PATHS = (
					"$(inherited)",
					"@executable_path/Frameworks",
					"@loader_path/Frameworks",
				);
				PRODUCT_BUNDLE_IDENTIFIER = me.dmdev.PremoTests;
				PRODUCT_NAME = "$(TARGET_NAME)";
				SWIFT_VERSION = 5.0;
				TARGETED_DEVICE_FAMILY = "1,2";
				TEST_HOST = "$(BUILT_PRODUCTS_DIR)/Premo.app/Premo";
			};
			name = Debug;
		};
		2C16B2112429592F00EDFB23 /* Release */ = {
			isa = XCBuildConfiguration;
			buildSettings = {
				ALWAYS_EMBED_SWIFT_STANDARD_LIBRARIES = YES;
				BUNDLE_LOADER = "$(TEST_HOST)";
				CODE_SIGN_STYLE = Automatic;
				INFOPLIST_FILE = PremoTests/Info.plist;
				IPHONEOS_DEPLOYMENT_TARGET = 13.2;
				LD_RUNPATH_SEARCH_PATHS = (
					"$(inherited)",
					"@executable_path/Frameworks",
					"@loader_path/Frameworks",
				);
				PRODUCT_BUNDLE_IDENTIFIER = me.dmdev.PremoTests;
				PRODUCT_NAME = "$(TARGET_NAME)";
				SWIFT_VERSION = 5.0;
				TARGETED_DEVICE_FAMILY = "1,2";
				TEST_HOST = "$(BUILT_PRODUCTS_DIR)/Premo.app/Premo";
			};
			name = Release;
		};
/* End XCBuildConfiguration section */

/* Begin XCConfigurationList section */
		2C16B1E82429592C00EDFB23 /* Build configuration list for PBXProject "Premo" */ = {
			isa = XCConfigurationList;
			buildConfigurations = (
				2C16B20A2429592F00EDFB23 /* Debug */,
				2C16B20B2429592F00EDFB23 /* Release */,
			);
			defaultConfigurationIsVisible = 0;
			defaultConfigurationName = Release;
		};
		2C16B20C2429592F00EDFB23 /* Build configuration list for PBXNativeTarget "Premo" */ = {
			isa = XCConfigurationList;
			buildConfigurations = (
				2C16B20D2429592F00EDFB23 /* Debug */,
				2C16B20E2429592F00EDFB23 /* Release */,
			);
			defaultConfigurationIsVisible = 0;
			defaultConfigurationName = Release;
		};
		2C16B20F2429592F00EDFB23 /* Build configuration list for PBXNativeTarget "PremoTests" */ = {
			isa = XCConfigurationList;
			buildConfigurations = (
				2C16B2102429592F00EDFB23 /* Debug */,
				2C16B2112429592F00EDFB23 /* Release */,
			);
			defaultConfigurationIsVisible = 0;
			defaultConfigurationName = Release;
		};
/* End XCConfigurationList section */
	};
	rootObject = 2C16B1E52429592C00EDFB23 /* Project object */;
}
